{
  "name": "cv-badjivon",
  "lockfileVersion": 3,
  "requires": true,
  "packages": {
    "": {
      "dependencies": {
        "@alpinejs/persist": "^3.10.5"
      }
    },
    "node_modules/@alpinejs/persist": {
      "version": "3.10.5",
      "resolved": "https://registry.npmjs.org/@alpinejs/persist/-/persist-3.10.5.tgz",
      "integrity": "sha512-5kFmnWck6rVCoXjgby/8MoeDf7F9DvIzUOtaTge5pLkrbNh4m0vRBRIXLcOILKz9wtrSJ4mOOW11IC/hRPId/g=="
    }
  }
}
